
Microsoft Visual Studio Solution File, Format Version 12.00
# Visual Studio Version 17
VisualStudioVersion = 17.13.35828.75 d17.13
MinimumVisualStudioVersion = 10.0.40219.1
Project("{FAE04EC0-301F-11D3-BF4B-00C04F79EFBC}") = "Платформа для обмена учебными материалами", "Платформа для обмена учебными материалами\Платформа для обмена учебными материалами.csproj", "{572E579E-3A1D-47EE-AF22-989C2936E256}"
EndProject
Global
	GlobalSection(SolutionConfigurationPlatforms) = preSolution
		Debug|Any CPU = Debug|Any CPU
		Release|Any CPU = Release|Any CPU
	EndGlobalSection
	GlobalSection(ProjectConfigurationPlatforms) = postSolution
		{572E579E-3A1D-47EE-AF22-989C2936E256}.Debug|Any CPU.ActiveCfg = Debug|Any CPU
		{572E579E-3A1D-47EE-AF22-989C2936E256}.Debug|Any CPU.Build.0 = Debug|Any CPU
		{572E579E-3A1D-47EE-AF22-989C2936E256}.Release|Any CPU.ActiveCfg = Release|Any CPU
		{572E579E-3A1D-47EE-AF22-989C2936E256}.Release|Any CPU.Build.0 = Release|Any CPU
	EndGlobalSection
	GlobalSection(SolutionProperties) = preSolution
		HideSolutionNode = FALSE
	EndGlobalSection
	GlobalSection(ExtensibilityGlobals) = postSolution
		SolutionGuid = {F37D8232-7DB8-4E3F-96D2-9084B9F17F14}
	EndGlobalSection
EndGlobal
